// !$*UTF8*$!
{
	archiveVersion = 1;
	classes = {
	};
	objectVersion = 51;
	objects = {

/* Begin PBXBuildFile section */
		5EC4E4B7948475ACCB7597D3 /* Pods_FoodDeliveryApp.framework in Frameworks */ = {isa = PBXBuildFile; fileRef = F10F157AF2B338BECD8D6167 /* Pods_FoodDeliveryApp.framework */; };
		715C182A2648E93500026221 /* FoodItemsResponse.swift in Sources */ = {isa = PBXBuildFile; fileRef = 715C18292648E93500026221 /* FoodItemsResponse.swift */; };
		715C18312648EF1500026221 /* BaseColor.swift in Sources */ = {isa = PBXBuildFile; fileRef = 715C18302648EF1500026221 /* BaseColor.swift */; };
		715C18342648EF6000026221 /* UIColor.swift in Sources */ = {isa = PBXBuildFile; fileRef = 715C18332648EF6000026221 /* UIColor.swift */; };
		715C18362648F03200026221 /* BaseFonts.swift in Sources */ = {isa = PBXBuildFile; fileRef = 715C18352648F03200026221 /* BaseFonts.swift */; };
		715C18382648F08700026221 /* ComponentView.swift in Sources */ = {isa = PBXBuildFile; fileRef = 715C18372648F08700026221 /* ComponentView.swift */; };
		715C183A2648F17800026221 /* UIView.swift in Sources */ = {isa = PBXBuildFile; fileRef = 715C18392648F17800026221 /* UIView.swift */; };
		715C1858264940A600026221 /* CustomLoadingIndicatorView.swift in Sources */ = {isa = PBXBuildFile; fileRef = 715C1857264940A600026221 /* CustomLoadingIndicatorView.swift */; };
		715C18832649483600026221 /* Roboto-Medium.ttf in Resources */ = {isa = PBXBuildFile; fileRef = 715C18772649483600026221 /* Roboto-Medium.ttf */; };
		715C18842649483600026221 /* Roboto-Light.ttf in Resources */ = {isa = PBXBuildFile; fileRef = 715C18782649483600026221 /* Roboto-Light.ttf */; };
		715C18852649483600026221 /* Lato-Bold.ttf in Resources */ = {isa = PBXBuildFile; fileRef = 715C18792649483600026221 /* Lato-Bold.ttf */; };
		715C18862649483600026221 /* Lato-Black.ttf in Resources */ = {isa = PBXBuildFile; fileRef = 715C187A2649483600026221 /* Lato-Black.ttf */; };
		715C18872649483600026221 /* Roboto-Regular.ttf in Resources */ = {isa = PBXBuildFile; fileRef = 715C187B2649483600026221 /* Roboto-Regular.ttf */; };
		715C18882649483600026221 /* Lato-Regular.ttf in Resources */ = {isa = PBXBuildFile; fileRef = 715C187C2649483600026221 /* Lato-Regular.ttf */; };
		715C18892649483600026221 /* Lato-Semibold.ttf in Resources */ = {isa = PBXBuildFile; fileRef = 715C187D2649483600026221 /* Lato-Semibold.ttf */; };
		715C188A2649483600026221 /* Lato-Light.ttf in Resources */ = {isa = PBXBuildFile; fileRef = 715C187E2649483600026221 /* Lato-Light.ttf */; };
		715C188B2649483600026221 /* Lato-Medium.ttf in Resources */ = {isa = PBXBuildFile; fileRef = 715C187F2649483600026221 /* Lato-Medium.ttf */; };
		715C188C2649483600026221 /* Roboto-Italic.ttf in Resources */ = {isa = PBXBuildFile; fileRef = 715C18802649483600026221 /* Roboto-Italic.ttf */; };
		715C188D2649483600026221 /* Roboto-Bold.ttf in Resources */ = {isa = PBXBuildFile; fileRef = 715C18812649483600026221 /* Roboto-Bold.ttf */; };
		715C188E2649483600026221 /* Roboto-Black.ttf in Resources */ = {isa = PBXBuildFile; fileRef = 715C18822649483600026221 /* Roboto-Black.ttf */; };
		715C1892264985AF00026221 /* UISegmentControl.swift in Sources */ = {isa = PBXBuildFile; fileRef = 715C1891264985AF00026221 /* UISegmentControl.swift */; };
		715C1894264986F300026221 /* FoodTypes.swift in Sources */ = {isa = PBXBuildFile; fileRef = 715C1893264986F300026221 /* FoodTypes.swift */; };
		7170466A2647A8C600656CE4 /* AppDelegate.swift in Sources */ = {isa = PBXBuildFile; fileRef = 717046692647A8C600656CE4 /* AppDelegate.swift */; };
		7170466C2647A8C600656CE4 /* SceneDelegate.swift in Sources */ = {isa = PBXBuildFile; fileRef = 7170466B2647A8C600656CE4 /* SceneDelegate.swift */; };
		7170466E2647A8C600656CE4 /* HomeViewController.swift in Sources */ = {isa = PBXBuildFile; fileRef = 7170466D2647A8C600656CE4 /* HomeViewController.swift */; };
		717046732647A8C700656CE4 /* Assets.xcassets in Resources */ = {isa = PBXBuildFile; fileRef = 717046722647A8C700656CE4 /* Assets.xcassets */; };
		717046762647A8C700656CE4 /* LaunchScreen.storyboard in Resources */ = {isa = PBXBuildFile; fileRef = 717046742647A8C700656CE4 /* LaunchScreen.storyboard */; };
		717046832647DC9600656CE4 /* FoodItemContainerViewController.swift in Sources */ = {isa = PBXBuildFile; fileRef = 717046822647DC9600656CE4 /* FoodItemContainerViewController.swift */; };
		717046852647DCBE00656CE4 /* DrinksViewController.swift in Sources */ = {isa = PBXBuildFile; fileRef = 717046842647DCBE00656CE4 /* DrinksViewController.swift */; };
		717046872647EDC500656CE4 /* NetworkService.swift in Sources */ = {isa = PBXBuildFile; fileRef = 717046862647EDC500656CE4 /* NetworkService.swift */; };
		717046892647EFFC00656CE4 /* NetworkManager.swift in Sources */ = {isa = PBXBuildFile; fileRef = 717046882647EFFC00656CE4 /* NetworkManager.swift */; };
		7170468C2647F08500656CE4 /* DiscountImageResourceResponse.swift in Sources */ = {isa = PBXBuildFile; fileRef = 7170468B2647F08500656CE4 /* DiscountImageResourceResponse.swift */; };
		7170468F2647F15D00656CE4 /* BaseResponseObject.swift in Sources */ = {isa = PBXBuildFile; fileRef = 7170468E2647F15D00656CE4 /* BaseResponseObject.swift */; };
		717046912647F38100656CE4 /* APIErrorType.swift in Sources */ = {isa = PBXBuildFile; fileRef = 717046902647F38100656CE4 /* APIErrorType.swift */; };
		717046932647F3AA00656CE4 /* Reachability.swift in Sources */ = {isa = PBXBuildFile; fileRef = 717046922647F3AA00656CE4 /* Reachability.swift */; };
		7170469A2647F96100656CE4 /* HomeProtocol.swift in Sources */ = {isa = PBXBuildFile; fileRef = 717046992647F96100656CE4 /* HomeProtocol.swift */; };
		7170469C2648000500656CE4 /* HomeViewPresenter.swift in Sources */ = {isa = PBXBuildFile; fileRef = 7170469B2648000500656CE4 /* HomeViewPresenter.swift */; };
		7170469E2648012E00656CE4 /* HomeViewInteractor.swift in Sources */ = {isa = PBXBuildFile; fileRef = 7170469D2648012E00656CE4 /* HomeViewInteractor.swift */; };
		717046A026481A1100656CE4 /* HomeViewRouter.swift in Sources */ = {isa = PBXBuildFile; fileRef = 7170469F26481A1100656CE4 /* HomeViewRouter.swift */; };
		717046A42648377700656CE4 /* SildingCollectionViewCell.swift in Sources */ = {isa = PBXBuildFile; fileRef = 717046A32648377700656CE4 /* SildingCollectionViewCell.swift */; };
		717046A62648804700656CE4 /* FoodItemContainerTableViewCell.swift in Sources */ = {isa = PBXBuildFile; fileRef = 717046A52648804700656CE4 /* FoodItemContainerTableViewCell.swift */; };
/* End PBXBuildFile section */

/* Begin PBXFileReference section */
		715C18292648E93500026221 /* FoodItemsResponse.swift */ = {isa = PBXFileReference; lastKnownFileType = sourcecode.swift; path = FoodItemsResponse.swift; sourceTree = "<group>"; };
		715C18302648EF1500026221 /* BaseColor.swift */ = {isa = PBXFileReference; lastKnownFileType = sourcecode.swift; path = BaseColor.swift; sourceTree = "<group>"; };
		715C18332648EF6000026221 /* UIColor.swift */ = {isa = PBXFileReference; lastKnownFileType = sourcecode.swift; path = UIColor.swift; sourceTree = "<group>"; };
		715C18352648F03200026221 /* BaseFonts.swift */ = {isa = PBXFileReference; lastKnownFileType = sourcecode.swift; path = BaseFonts.swift; sourceTree = "<group>"; };
		715C18372648F08700026221 /* ComponentView.swift */ = {isa = PBXFileReference; lastKnownFileType = sourcecode.swift; path = ComponentView.swift; sourceTree = "<group>"; };
		715C18392648F17800026221 /* UIView.swift */ = {isa = PBXFileReference; lastKnownFileType = sourcecode.swift; path = UIView.swift; sourceTree = "<group>"; };
		715C1857264940A600026221 /* CustomLoadingIndicatorView.swift */ = {isa = PBXFileReference; lastKnownFileType = sourcecode.swift; path = CustomLoadingIndicatorView.swift; sourceTree = "<group>"; };
		715C18772649483600026221 /* Roboto-Medium.ttf */ = {isa = PBXFileReference; lastKnownFileType = file; path = "Roboto-Medium.ttf"; sourceTree = "<group>"; };
		715C18782649483600026221 /* Roboto-Light.ttf */ = {isa = PBXFileReference; lastKnownFileType = file; path = "Roboto-Light.ttf"; sourceTree = "<group>"; };
		715C18792649483600026221 /* Lato-Bold.ttf */ = {isa = PBXFileReference; lastKnownFileType = file; path = "Lato-Bold.ttf"; sourceTree = "<group>"; };
		715C187A2649483600026221 /* Lato-Black.ttf */ = {isa = PBXFileReference; lastKnownFileType = file; path = "Lato-Black.ttf"; sourceTree = "<group>"; };
		715C187B2649483600026221 /* Roboto-Regular.ttf */ = {isa = PBXFileReference; lastKnownFileType = file; path = "Roboto-Regular.ttf"; sourceTree = "<group>"; };
		715C187C2649483600026221 /* Lato-Regular.ttf */ = {isa = PBXFileReference; lastKnownFileType = file; path = "Lato-Regular.ttf"; sourceTree = "<group>"; };
		715C187D2649483600026221 /* Lato-Semibold.ttf */ = {isa = PBXFileReference; lastKnownFileType = file; path = "Lato-Semibold.ttf"; sourceTree = "<group>"; };
		715C187E2649483600026221 /* Lato-Light.ttf */ = {isa = PBXFileReference; lastKnownFileType = file; path = "Lato-Light.ttf"; sourceTree = "<group>"; };
		715C187F2649483600026221 /* Lato-Medium.ttf */ = {isa = PBXFileReference; lastKnownFileType = file; path = "Lato-Medium.ttf"; sourceTree = "<group>"; };
		715C18802649483600026221 /* Roboto-Italic.ttf */ = {isa = PBXFileReference; lastKnownFileType = file; path = "Roboto-Italic.ttf"; sourceTree = "<group>"; };
		715C18812649483600026221 /* Roboto-Bold.ttf */ = {isa = PBXFileReference; lastKnownFileType = file; path = "Roboto-Bold.ttf"; sourceTree = "<group>"; };
		715C18822649483600026221 /* Roboto-Black.ttf */ = {isa = PBXFileReference; lastKnownFileType = file; path = "Roboto-Black.ttf"; sourceTree = "<group>"; };
		715C1891264985AF00026221 /* UISegmentControl.swift */ = {isa = PBXFileReference; lastKnownFileType = sourcecode.swift; path = UISegmentControl.swift; sourceTree = "<group>"; };
		715C1893264986F300026221 /* FoodTypes.swift */ = {isa = PBXFileReference; lastKnownFileType = sourcecode.swift; path = FoodTypes.swift; sourceTree = "<group>"; };
		717046662647A8C600656CE4 /* FoodDeliveryApp.app */ = {isa = PBXFileReference; explicitFileType = wrapper.application; includeInIndex = 0; path = FoodDeliveryApp.app; sourceTree = BUILT_PRODUCTS_DIR; };
		717046692647A8C600656CE4 /* AppDelegate.swift */ = {isa = PBXFileReference; lastKnownFileType = sourcecode.swift; path = AppDelegate.swift; sourceTree = "<group>"; };
		7170466B2647A8C600656CE4 /* SceneDelegate.swift */ = {isa = PBXFileReference; lastKnownFileType = sourcecode.swift; path = SceneDelegate.swift; sourceTree = "<group>"; };
		7170466D2647A8C600656CE4 /* HomeViewController.swift */ = {isa = PBXFileReference; lastKnownFileType = sourcecode.swift; path = HomeViewController.swift; sourceTree = "<group>"; };
		717046722647A8C700656CE4 /* Assets.xcassets */ = {isa = PBXFileReference; lastKnownFileType = folder.assetcatalog; path = Assets.xcassets; sourceTree = "<group>"; };
		717046752647A8C700656CE4 /* Base */ = {isa = PBXFileReference; lastKnownFileType = file.storyboard; name = Base; path = Base.lproj/LaunchScreen.storyboard; sourceTree = "<group>"; };
		717046772647A8C700656CE4 /* Info.plist */ = {isa = PBXFileReference; lastKnownFileType = text.plist.xml; path = Info.plist; sourceTree = "<group>"; };
		717046822647DC9600656CE4 /* FoodItemContainerViewController.swift */ = {isa = PBXFileReference; lastKnownFileType = sourcecode.swift; path = FoodItemContainerViewController.swift; sourceTree = "<group>"; };
		717046842647DCBE00656CE4 /* DrinksViewController.swift */ = {isa = PBXFileReference; lastKnownFileType = sourcecode.swift; path = DrinksViewController.swift; sourceTree = "<group>"; };
		717046862647EDC500656CE4 /* NetworkService.swift */ = {isa = PBXFileReference; lastKnownFileType = sourcecode.swift; path = NetworkService.swift; sourceTree = "<group>"; };
		717046882647EFFC00656CE4 /* NetworkManager.swift */ = {isa = PBXFileReference; lastKnownFileType = sourcecode.swift; path = NetworkManager.swift; sourceTree = "<group>"; };
		7170468B2647F08500656CE4 /* DiscountImageResourceResponse.swift */ = {isa = PBXFileReference; lastKnownFileType = sourcecode.swift; path = DiscountImageResourceResponse.swift; sourceTree = "<group>"; };
		7170468E2647F15D00656CE4 /* BaseResponseObject.swift */ = {isa = PBXFileReference; lastKnownFileType = sourcecode.swift; path = BaseResponseObject.swift; sourceTree = "<group>"; };
		717046902647F38100656CE4 /* APIErrorType.swift */ = {isa = PBXFileReference; lastKnownFileType = sourcecode.swift; path = APIErrorType.swift; sourceTree = "<group>"; };
		717046922647F3AA00656CE4 /* Reachability.swift */ = {isa = PBXFileReference; lastKnownFileType = sourcecode.swift; path = Reachability.swift; sourceTree = "<group>"; };
		717046992647F96100656CE4 /* HomeProtocol.swift */ = {isa = PBXFileReference; lastKnownFileType = sourcecode.swift; path = HomeProtocol.swift; sourceTree = "<group>"; };
		7170469B2648000500656CE4 /* HomeViewPresenter.swift */ = {isa = PBXFileReference; lastKnownFileType = sourcecode.swift; path = HomeViewPresenter.swift; sourceTree = "<group>"; };
		7170469D2648012E00656CE4 /* HomeViewInteractor.swift */ = {isa = PBXFileReference; lastKnownFileType = sourcecode.swift; path = HomeViewInteractor.swift; sourceTree = "<group>"; };
		7170469F26481A1100656CE4 /* HomeViewRouter.swift */ = {isa = PBXFileReference; lastKnownFileType = sourcecode.swift; path = HomeViewRouter.swift; sourceTree = "<group>"; };
		717046A32648377700656CE4 /* SildingCollectionViewCell.swift */ = {isa = PBXFileReference; lastKnownFileType = sourcecode.swift; path = SildingCollectionViewCell.swift; sourceTree = "<group>"; };
		717046A52648804700656CE4 /* FoodItemContainerTableViewCell.swift */ = {isa = PBXFileReference; lastKnownFileType = sourcecode.swift; path = FoodItemContainerTableViewCell.swift; sourceTree = "<group>"; };
		DA7EBCF3E3C39093790A920D /* Pods-FoodDeliveryApp.release.xcconfig */ = {isa = PBXFileReference; includeInIndex = 1; lastKnownFileType = text.xcconfig; name = "Pods-FoodDeliveryApp.release.xcconfig"; path = "Target Support Files/Pods-FoodDeliveryApp/Pods-FoodDeliveryApp.release.xcconfig"; sourceTree = "<group>"; };
		DD982188638001781E823B45 /* Pods-FoodDeliveryApp.debug.xcconfig */ = {isa = PBXFileReference; includeInIndex = 1; lastKnownFileType = text.xcconfig; name = "Pods-FoodDeliveryApp.debug.xcconfig"; path = "Target Support Files/Pods-FoodDeliveryApp/Pods-FoodDeliveryApp.debug.xcconfig"; sourceTree = "<group>"; };
		F10F157AF2B338BECD8D6167 /* Pods_FoodDeliveryApp.framework */ = {isa = PBXFileReference; explicitFileType = wrapper.framework; includeInIndex = 0; path = Pods_FoodDeliveryApp.framework; sourceTree = BUILT_PRODUCTS_DIR; };
/* End PBXFileReference section */

/* Begin PBXFrameworksBuildPhase section */
		717046632647A8C600656CE4 /* Frameworks */ = {
			isa = PBXFrameworksBuildPhase;
			buildActionMask = 2147483647;
			files = (
				5EC4E4B7948475ACCB7597D3 /* Pods_FoodDeliveryApp.framework in Frameworks */,
			);
			runOnlyForDeploymentPostprocessing = 0;
		};
/* End PBXFrameworksBuildPhase section */

/* Begin PBXGroup section */
		35B799A77C5E792F95DB0473 /* Frameworks */ = {
			isa = PBXGroup;
			children = (
				F10F157AF2B338BECD8D6167 /* Pods_FoodDeliveryApp.framework */,
			);
			name = Frameworks;
			sourceTree = "<group>";
		};
		5BE371B226012EAC5E395B3C /* Pods */ = {
			isa = PBXGroup;
			children = (
				DD982188638001781E823B45 /* Pods-FoodDeliveryApp.debug.xcconfig */,
				DA7EBCF3E3C39093790A920D /* Pods-FoodDeliveryApp.release.xcconfig */,
			);
			path = Pods;
			sourceTree = "<group>";
		};
		715C182B2648EE4C00026221 /* Components */ = {
			isa = PBXGroup;
			children = (
				715C18372648F08700026221 /* ComponentView.swift */,
				715C1857264940A600026221 /* CustomLoadingIndicatorView.swift */,
			);
			path = Components;
			sourceTree = "<group>";
		};
		715C18322648EF4500026221 /* Extension */ = {
			isa = PBXGroup;
			children = (
				715C18332648EF6000026221 /* UIColor.swift */,
				715C18392648F17800026221 /* UIView.swift */,
				715C1891264985AF00026221 /* UISegmentControl.swift */,
			);
			path = Extension;
			sourceTree = "<group>";
		};
		715C18762649483600026221 /* Fonts */ = {
			isa = PBXGroup;
			children = (
				715C18772649483600026221 /* Roboto-Medium.ttf */,
				715C18782649483600026221 /* Roboto-Light.ttf */,
				715C18792649483600026221 /* Lato-Bold.ttf */,
				715C187A2649483600026221 /* Lato-Black.ttf */,
				715C187B2649483600026221 /* Roboto-Regular.ttf */,
				715C187C2649483600026221 /* Lato-Regular.ttf */,
				715C187D2649483600026221 /* Lato-Semibold.ttf */,
				715C187E2649483600026221 /* Lato-Light.ttf */,
				715C187F2649483600026221 /* Lato-Medium.ttf */,
				715C18802649483600026221 /* Roboto-Italic.ttf */,
				715C18812649483600026221 /* Roboto-Bold.ttf */,
				715C18822649483600026221 /* Roboto-Black.ttf */,
			);
			path = Fonts;
			sourceTree = "<group>";
		};
		7170465D2647A8C600656CE4 = {
			isa = PBXGroup;
			children = (
				717046682647A8C600656CE4 /* FoodDeliveryApp */,
				717046672647A8C600656CE4 /* Products */,
				5BE371B226012EAC5E395B3C /* Pods */,
				35B799A77C5E792F95DB0473 /* Frameworks */,
			);
			sourceTree = "<group>";
		};
		717046672647A8C600656CE4 /* Products */ = {
			isa = PBXGroup;
			children = (
				717046662647A8C600656CE4 /* FoodDeliveryApp.app */,
			);
			name = Products;
			sourceTree = "<group>";
		};
		717046682647A8C600656CE4 /* FoodDeliveryApp */ = {
			isa = PBXGroup;
			children = (
				715C18762649483600026221 /* Fonts */,
				7170468A2647F04300656CE4 /* Entity */,
				717046802647A9DC00656CE4 /* Helper */,
				7170467F2647A9D300656CE4 /* Utils */,
				7170467E2647A9BE00656CE4 /* UI */,
				7170467D2647A9A900656CE4 /* Service */,
				717046692647A8C600656CE4 /* AppDelegate.swift */,
				7170466B2647A8C600656CE4 /* SceneDelegate.swift */,
				717046722647A8C700656CE4 /* Assets.xcassets */,
				717046742647A8C700656CE4 /* LaunchScreen.storyboard */,
				717046772647A8C700656CE4 /* Info.plist */,
			);
			path = FoodDeliveryApp;
			sourceTree = "<group>";
		};
		7170467D2647A9A900656CE4 /* Service */ = {
			isa = PBXGroup;
			children = (
				717046862647EDC500656CE4 /* NetworkService.swift */,
				717046882647EFFC00656CE4 /* NetworkManager.swift */,
				717046902647F38100656CE4 /* APIErrorType.swift */,
				717046922647F3AA00656CE4 /* Reachability.swift */,
			);
			path = Service;
			sourceTree = "<group>";
		};
		7170467E2647A9BE00656CE4 /* UI */ = {
			isa = PBXGroup;
			children = (
				717046812647B7BF00656CE4 /* Home */,
			);
			path = UI;
			sourceTree = "<group>";
		};
		7170467F2647A9D300656CE4 /* Utils */ = {
			isa = PBXGroup;
			children = (
				715C18322648EF4500026221 /* Extension */,
				715C182B2648EE4C00026221 /* Components */,
				715C18302648EF1500026221 /* BaseColor.swift */,
				715C18352648F03200026221 /* BaseFonts.swift */,
			);
			path = Utils;
			sourceTree = "<group>";
		};
		717046802647A9DC00656CE4 /* Helper */ = {
			isa = PBXGroup;
			children = (
			);
			path = Helper;
			sourceTree = "<group>";
		};
		717046812647B7BF00656CE4 /* Home */ = {
			isa = PBXGroup;
			children = (
				717046972647F92700656CE4 /* Router */,
				717046982647F94600656CE4 /* Enum */,
				717046942647F8F000656CE4 /* Protocol */,
				717046962647F91B00656CE4 /* Interactor */,
				717046952647F8FA00656CE4 /* Presenter */,
				717046A12648372500656CE4 /* View */,
				717046842647DCBE00656CE4 /* DrinksViewController.swift */,
			);
			path = Home;
			sourceTree = "<group>";
		};
		7170468A2647F04300656CE4 /* Entity */ = {
			isa = PBXGroup;
			children = (
				7170468B2647F08500656CE4 /* DiscountImageResourceResponse.swift */,
				7170468E2647F15D00656CE4 /* BaseResponseObject.swift */,
				715C18292648E93500026221 /* FoodItemsResponse.swift */,
			);
			path = Entity;
			sourceTree = "<group>";
		};
		717046942647F8F000656CE4 /* Protocol */ = {
			isa = PBXGroup;
			children = (
				717046992647F96100656CE4 /* HomeProtocol.swift */,
			);
			path = Protocol;
			sourceTree = "<group>";
		};
		717046952647F8FA00656CE4 /* Presenter */ = {
			isa = PBXGroup;
			children = (
				7170469B2648000500656CE4 /* HomeViewPresenter.swift */,
			);
			path = Presenter;
			sourceTree = "<group>";
		};
		717046962647F91B00656CE4 /* Interactor */ = {
			isa = PBXGroup;
			children = (
				7170469D2648012E00656CE4 /* HomeViewInteractor.swift */,
			);
			path = Interactor;
			sourceTree = "<group>";
		};
		717046972647F92700656CE4 /* Router */ = {
			isa = PBXGroup;
			children = (
				7170469F26481A1100656CE4 /* HomeViewRouter.swift */,
			);
			path = Router;
			sourceTree = "<group>";
		};
		717046982647F94600656CE4 /* Enum */ = {
			isa = PBXGroup;
			children = (
				715C1893264986F300026221 /* FoodTypes.swift */,
			);
			path = Enum;
			sourceTree = "<group>";
		};
		717046A12648372500656CE4 /* View */ = {
			isa = PBXGroup;
			children = (
				717046A22648373D00656CE4 /* cell */,
				7170466D2647A8C600656CE4 /* HomeViewController.swift */,
				717046822647DC9600656CE4 /* FoodItemContainerViewController.swift */,
			);
			path = View;
			sourceTree = "<group>";
		};
		717046A22648373D00656CE4 /* cell */ = {
			isa = PBXGroup;
			children = (
				717046A32648377700656CE4 /* SildingCollectionViewCell.swift */,
				717046A52648804700656CE4 /* FoodItemContainerTableViewCell.swift */,
			);
			path = cell;
			sourceTree = "<group>";
		};
/* End PBXGroup section */

/* Begin PBXNativeTarget section */
		717046652647A8C600656CE4 /* FoodDeliveryApp */ = {
			isa = PBXNativeTarget;
			buildConfigurationList = 7170467A2647A8C700656CE4 /* Build configuration list for PBXNativeTarget "FoodDeliveryApp" */;
			buildPhases = (
				5E27F7D44E567A2191003ED6 /* [CP] Check Pods Manifest.lock */,
				717046622647A8C600656CE4 /* Sources */,
				717046632647A8C600656CE4 /* Frameworks */,
				717046642647A8C600656CE4 /* Resources */,
				2C4E752D1B75A8D5E9EF9C79 /* [CP] Embed Pods Frameworks */,
			);
			buildRules = (
			);
			dependencies = (
			);
			name = FoodDeliveryApp;
			productName = FoodDeliveryApp;
			productReference = 717046662647A8C600656CE4 /* FoodDeliveryApp.app */;
			productType = "com.apple.product-type.application";
		};
/* End PBXNativeTarget section */

/* Begin PBXProject section */
		7170465E2647A8C600656CE4 /* Project object */ = {
			isa = PBXProject;
			attributes = {
				LastSwiftUpdateCheck = 1250;
				LastUpgradeCheck = 1250;
				TargetAttributes = {
					717046652647A8C600656CE4 = {
						CreatedOnToolsVersion = 12.5;
					};
				};
			};
			buildConfigurationList = 717046612647A8C600656CE4 /* Build configuration list for PBXProject "FoodDeliveryApp" */;
			compatibilityVersion = "Xcode 9.3";
			developmentRegion = en;
			hasScannedForEncodings = 0;
			knownRegions = (
				en,
				Base,
			);
			mainGroup = 7170465D2647A8C600656CE4;
			productRefGroup = 717046672647A8C600656CE4 /* Products */;
			projectDirPath = "";
			projectRoot = "";
			targets = (
				717046652647A8C600656CE4 /* FoodDeliveryApp */,
			);
		};
/* End PBXProject section */

/* Begin PBXResourcesBuildPhase section */
		717046642647A8C600656CE4 /* Resources */ = {
			isa = PBXResourcesBuildPhase;
			buildActionMask = 2147483647;
			files = (
				717046762647A8C700656CE4 /* LaunchScreen.storyboard in Resources */,
				715C188D2649483600026221 /* Roboto-Bold.ttf in Resources */,
				715C188C2649483600026221 /* Roboto-Italic.ttf in Resources */,
				715C18872649483600026221 /* Roboto-Regular.ttf in Resources */,
				715C18892649483600026221 /* Lato-Semibold.ttf in Resources */,
				715C188B2649483600026221 /* Lato-Medium.ttf in Resources */,
				715C18852649483600026221 /* Lato-Bold.ttf in Resources */,
				715C18882649483600026221 /* Lato-Regular.ttf in Resources */,
				715C188A2649483600026221 /* Lato-Light.ttf in Resources */,
				717046732647A8C700656CE4 /* Assets.xcassets in Resources */,
				715C18842649483600026221 /* Roboto-Light.ttf in Resources */,
				715C188E2649483600026221 /* Roboto-Black.ttf in Resources */,
				715C18862649483600026221 /* Lato-Black.ttf in Resources */,
				715C18832649483600026221 /* Roboto-Medium.ttf in Resources */,
			);
			runOnlyForDeploymentPostprocessing = 0;
		};
/* End PBXResourcesBuildPhase section */

/* Begin PBXShellScriptBuildPhase section */
		2C4E752D1B75A8D5E9EF9C79 /* [CP] Embed Pods Frameworks */ = {
			isa = PBXShellScriptBuildPhase;
			buildActionMask = 2147483647;
			files = (
			);
			inputFileListPaths = (
				"${PODS_ROOT}/Target Support Files/Pods-FoodDeliveryApp/Pods-FoodDeliveryApp-frameworks-${CONFIGURATION}-input-files.xcfilelist",
			);
			name = "[CP] Embed Pods Frameworks";
			outputFileListPaths = (
				"${PODS_ROOT}/Target Support Files/Pods-FoodDeliveryApp/Pods-FoodDeliveryApp-frameworks-${CONFIGURATION}-output-files.xcfilelist",
			);
			runOnlyForDeploymentPostprocessing = 0;
			shellPath = /bin/sh;
			shellScript = "\"${PODS_ROOT}/Target Support Files/Pods-FoodDeliveryApp/Pods-FoodDeliveryApp-frameworks.sh\"\n";
			showEnvVarsInLog = 0;
		};
		5E27F7D44E567A2191003ED6 /* [CP] Check Pods Manifest.lock */ = {
			isa = PBXShellScriptBuildPhase;
			buildActionMask = 2147483647;
			files = (
			);
			inputFileListPaths = (
			);
			inputPaths = (
				"${PODS_PODFILE_DIR_PATH}/Podfile.lock",
				"${PODS_ROOT}/Manifest.lock",
			);
			name = "[CP] Check Pods Manifest.lock";
			outputFileListPaths = (
			);
			outputPaths = (
				"$(DERIVED_FILE_DIR)/Pods-FoodDeliveryApp-checkManifestLockResult.txt",
			);
			runOnlyForDeploymentPostprocessing = 0;
			shellPath = /bin/sh;
			shellScript = "diff \"${PODS_PODFILE_DIR_PATH}/Podfile.lock\" \"${PODS_ROOT}/Manifest.lock\" > /dev/null\nif [ $? != 0 ] ; then\n    # print error to STDERR\n    echo \"error: The sandbox is not in sync with the Podfile.lock. Run 'pod install' or update your CocoaPods installation.\" >&2\n    exit 1\nfi\n# This output is used by Xcode 'outputs' to avoid re-running this script phase.\necho \"SUCCESS\" > \"${SCRIPT_OUTPUT_FILE_0}\"\n";
			showEnvVarsInLog = 0;
		};
/* End PBXShellScriptBuildPhase section */

/* Begin PBXSourcesBuildPhase section */
		717046622647A8C600656CE4 /* Sources */ = {
			isa = PBXSourcesBuildPhase;
			buildActionMask = 2147483647;
			files = (
				7170466E2647A8C600656CE4 /* HomeViewController.swift in Sources */,
				7170468C2647F08500656CE4 /* DiscountImageResourceResponse.swift in Sources */,
				715C18312648EF1500026221 /* BaseColor.swift in Sources */,
				715C1892264985AF00026221 /* UISegmentControl.swift in Sources */,
				7170466A2647A8C600656CE4 /* AppDelegate.swift in Sources */,
				717046852647DCBE00656CE4 /* DrinksViewController.swift in Sources */,
				7170469A2647F96100656CE4 /* HomeProtocol.swift in Sources */,
				715C18342648EF6000026221 /* UIColor.swift in Sources */,
				715C1858264940A600026221 /* CustomLoadingIndicatorView.swift in Sources */,
				717046A026481A1100656CE4 /* HomeViewRouter.swift in Sources */,
				715C1894264986F300026221 /* FoodTypes.swift in Sources */,
				717046892647EFFC00656CE4 /* NetworkManager.swift in Sources */,
				717046912647F38100656CE4 /* APIErrorType.swift in Sources */,
				717046A62648804700656CE4 /* FoodItemContainerTableViewCell.swift in Sources */,
				7170468F2647F15D00656CE4 /* BaseResponseObject.swift in Sources */,
				717046932647F3AA00656CE4 /* Reachability.swift in Sources */,
				7170466C2647A8C600656CE4 /* SceneDelegate.swift in Sources */,
				717046A42648377700656CE4 /* SildingCollectionViewCell.swift in Sources */,
				715C18362648F03200026221 /* BaseFonts.swift in Sources */,
				7170469E2648012E00656CE4 /* HomeViewInteractor.swift in Sources */,
				7170469C2648000500656CE4 /* HomeViewPresenter.swift in Sources */,
				715C183A2648F17800026221 /* UIView.swift in Sources */,
				715C18382648F08700026221 /* ComponentView.swift in Sources */,
				717046872647EDC500656CE4 /* NetworkService.swift in Sources */,
				717046832647DC9600656CE4 /* FoodItemContainerViewController.swift in Sources */,
				715C182A2648E93500026221 /* FoodItemsResponse.swift in Sources */,
			);
			runOnlyForDeploymentPostprocessing = 0;
		};
/* End PBXSourcesBuildPhase section */

/* Begin PBXVariantGroup section */
		717046742647A8C700656CE4 /* LaunchScreen.storyboard */ = {
			isa = PBXVariantGroup;
			children = (
				717046752647A8C700656CE4 /* Base */,
			);
			name = LaunchScreen.storyboard;
			sourceTree = "<group>";
		};
/* End PBXVariantGroup section */

/* Begin XCBuildConfiguration section */
		717046782647A8C700656CE4 /* Debug */ = {
			isa = XCBuildConfiguration;
			buildSettings = {
				ALWAYS_SEARCH_USER_PATHS = NO;
				CLANG_ANALYZER_NONNULL = YES;
				CLANG_ANALYZER_NUMBER_OBJECT_CONVERSION = YES_AGGRESSIVE;
				CLANG_CXX_LANGUAGE_STANDARD = "gnu++14";
				CLANG_CXX_LIBRARY = "libc++";
				CLANG_ENABLE_MODULES = YES;
				CLANG_ENABLE_OBJC_ARC = YES;
				CLANG_ENABLE_OBJC_WEAK = YES;
				CLANG_WARN_BLOCK_CAPTURE_AUTORELEASING = YES;
				CLANG_WARN_BOOL_CONVERSION = YES;
				CLANG_WARN_COMMA = YES;
				CLANG_WARN_CONSTANT_CONVERSION = YES;
				CLANG_WARN_DEPRECATED_OBJC_IMPLEMENTATIONS = YES;
				CLANG_WARN_DIRECT_OBJC_ISA_USAGE = YES_ERROR;
				CLANG_WARN_DOCUMENTATION_COMMENTS = YES;
				CLANG_WARN_EMPTY_BODY = YES;
				CLANG_WARN_ENUM_CONVERSION = YES;
				CLANG_WARN_INFINITE_RECURSION = YES;
				CLANG_WARN_INT_CONVERSION = YES;
				CLANG_WARN_NON_LITERAL_NULL_CONVERSION = YES;
				CLANG_WARN_OBJC_IMPLICIT_RETAIN_SELF = YES;
				CLANG_WARN_OBJC_LITERAL_CONVERSION = YES;
				CLANG_WARN_OBJC_ROOT_CLASS = YES_ERROR;
				CLANG_WARN_QUOTED_INCLUDE_IN_FRAMEWORK_HEADER = YES;
				CLANG_WARN_RANGE_LOOP_ANALYSIS = YES;
				CLANG_WARN_STRICT_PROTOTYPES = YES;
				CLANG_WARN_SUSPICIOUS_MOVE = YES;
				CLANG_WARN_UNGUARDED_AVAILABILITY = YES_AGGRESSIVE;
				CLANG_WARN_UNREACHABLE_CODE = YES;
				CLANG_WARN__DUPLICATE_METHOD_MATCH = YES;
				COPY_PHASE_STRIP = NO;
				DEBUG_INFORMATION_FORMAT = dwarf;
				ENABLE_STRICT_OBJC_MSGSEND = YES;
				ENABLE_TESTABILITY = YES;
				GCC_C_LANGUAGE_STANDARD = gnu11;
				GCC_DYNAMIC_NO_PIC = NO;
				GCC_NO_COMMON_BLOCKS = YES;
				GCC_OPTIMIZATION_LEVEL = 0;
				GCC_PREPROCESSOR_DEFINITIONS = (
					"DEBUG=1",
					"$(inherited)",
				);
				GCC_WARN_64_TO_32_BIT_CONVERSION = YES;
				GCC_WARN_ABOUT_RETURN_TYPE = YES_ERROR;
				GCC_WARN_UNDECLARED_SELECTOR = YES;
				GCC_WARN_UNINITIALIZED_AUTOS = YES_AGGRESSIVE;
				GCC_WARN_UNUSED_FUNCTION = YES;
				GCC_WARN_UNUSED_VARIABLE = YES;
				IPHONEOS_DEPLOYMENT_TARGET = 14.5;
				MTL_ENABLE_DEBUG_INFO = INCLUDE_SOURCE;
				MTL_FAST_MATH = YES;
				ONLY_ACTIVE_ARCH = YES;
				SDKROOT = iphoneos;
				SWIFT_ACTIVE_COMPILATION_CONDITIONS = DEBUG;
				SWIFT_OPTIMIZATION_LEVEL = "-Onone";
			};
			name = Debug;
		};
		717046792647A8C700656CE4 /* Release */ = {
			isa = XCBuildConfiguration;
			buildSettings = {
				ALWAYS_SEARCH_USER_PATHS = NO;
				CLANG_ANALYZER_NONNULL = YES;
				CLANG_ANALYZER_NUMBER_OBJECT_CONVERSION = YES_AGGRESSIVE;
				CLANG_CXX_LANGUAGE_STANDARD = "gnu++14";
				CLANG_CXX_LIBRARY = "libc++";
				CLANG_ENABLE_MODULES = YES;
				CLANG_ENABLE_OBJC_ARC = YES;
				CLANG_ENABLE_OBJC_WEAK = YES;
				CLANG_WARN_BLOCK_CAPTURE_AUTORELEASING = YES;
				CLANG_WARN_BOOL_CONVERSION = YES;
				CLANG_WARN_COMMA = YES;
				CLANG_WARN_CONSTANT_CONVERSION = YES;
				CLANG_WARN_DEPRECATED_OBJC_IMPLEMENTATIONS = YES;
				CLANG_WARN_DIRECT_OBJC_ISA_USAGE = YES_ERROR;
				CLANG_WARN_DOCUMENTATION_COMMENTS = YES;
				CLANG_WARN_EMPTY_BODY = YES;
				CLANG_WARN_ENUM_CONVERSION = YES;
				CLANG_WARN_INFINITE_RECURSION = YES;
				CLANG_WARN_INT_CONVERSION = YES;
				CLANG_WARN_NON_LITERAL_NULL_CONVERSION = YES;
				CLANG_WARN_OBJC_IMPLICIT_RETAIN_SELF = YES;
				CLANG_WARN_OBJC_LITERAL_CONVERSION = YES;
				CLANG_WARN_OBJC_ROOT_CLASS = YES_ERROR;
				CLANG_WARN_QUOTED_INCLUDE_IN_FRAMEWORK_HEADER = YES;
				CLANG_WARN_RANGE_LOOP_ANALYSIS = YES;
				CLANG_WARN_STRICT_PROTOTYPES = YES;
				CLANG_WARN_SUSPICIOUS_MOVE = YES;
				CLANG_WARN_UNGUARDED_AVAILABILITY = YES_AGGRESSIVE;
				CLANG_WARN_UNREACHABLE_CODE = YES;
				CLANG_WARN__DUPLICATE_METHOD_MATCH = YES;
				COPY_PHASE_STRIP = NO;
				DEBUG_INFORMATION_FORMAT = "dwarf-with-dsym";
				ENABLE_NS_ASSERTIONS = NO;
				ENABLE_STRICT_OBJC_MSGSEND = YES;
				GCC_C_LANGUAGE_STANDARD = gnu11;
				GCC_NO_COMMON_BLOCKS = YES;
				GCC_WARN_64_TO_32_BIT_CONVERSION = YES;
				GCC_WARN_ABOUT_RETURN_TYPE = YES_ERROR;
				GCC_WARN_UNDECLARED_SELECTOR = YES;
				GCC_WARN_UNINITIALIZED_AUTOS = YES_AGGRESSIVE;
				GCC_WARN_UNUSED_FUNCTION = YES;
				GCC_WARN_UNUSED_VARIABLE = YES;
				IPHONEOS_DEPLOYMENT_TARGET = 14.5;
				MTL_ENABLE_DEBUG_INFO = NO;
				MTL_FAST_MATH = YES;
				SDKROOT = iphoneos;
				SWIFT_COMPILATION_MODE = wholemodule;
				SWIFT_OPTIMIZATION_LEVEL = "-O";
				VALIDATE_PRODUCT = YES;
			};
			name = Release;
		};
		7170467B2647A8C700656CE4 /* Debug */ = {
			isa = XCBuildConfiguration;
			baseConfigurationReference = DD982188638001781E823B45 /* Pods-FoodDeliveryApp.debug.xcconfig */;
			buildSettings = {
				ASSETCATALOG_COMPILER_APPICON_NAME = AppIcon;
				ASSETCATALOG_COMPILER_GLOBAL_ACCENT_COLOR_NAME = AccentColor;
				CODE_SIGN_STYLE = Automatic;
				DEVELOPMENT_TEAM = 7449R7248Z;
				INFOPLIST_FILE = FoodDeliveryApp/Info.plist;
				IPHONEOS_DEPLOYMENT_TARGET = 13.6;
				LD_RUNPATH_SEARCH_PATHS = (
					"$(inherited)",
					"@executable_path/Frameworks",
				);
				PRODUCT_BUNDLE_IDENTIFIER = com.FoodDeliveryApp;
				PRODUCT_NAME = "$(TARGET_NAME)";
				SWIFT_VERSION = 5.0;
				TARGETED_DEVICE_FAMILY = "1,2";
			};
			name = Debug;
		};
		7170467C2647A8C700656CE4 /* Release */ = {
			isa = XCBuildConfiguration;
			baseConfigurationReference = DA7EBCF3E3C39093790A920D /* Pods-FoodDeliveryApp.release.xcconfig */;
			buildSettings = {
				ASSETCATALOG_COMPILER_APPICON_NAME = AppIcon;
				ASSETCATALOG_COMPILER_GLOBAL_ACCENT_COLOR_NAME = AccentColor;
				CODE_SIGN_STYLE = Automatic;
				DEVELOPMENT_TEAM = 7449R7248Z;
				INFOPLIST_FILE = FoodDeliveryApp/Info.plist;
				IPHONEOS_DEPLOYMENT_TARGET = 13.6;
				LD_RUNPATH_SEARCH_PATHS = (
					"$(inherited)",
					"@executable_path/Frameworks",
				);
				PRODUCT_BUNDLE_IDENTIFIER = com.FoodDeliveryApp;
				PRODUCT_NAME = "$(TARGET_NAME)";
				SWIFT_VERSION = 5.0;
				TARGETED_DEVICE_FAMILY = "1,2";
			};
			name = Release;
		};
/* End XCBuildConfiguration section */

/* Begin XCConfigurationList section */
		717046612647A8C600656CE4 /* Build configuration list for PBXProject "FoodDeliveryApp" */ = {
			isa = XCConfigurationList;
			buildConfigurations = (
				717046782647A8C700656CE4 /* Debug */,
				717046792647A8C700656CE4 /* Release */,
			);
			defaultConfigurationIsVisible = 0;
			defaultConfigurationName = Release;
		};
		7170467A2647A8C700656CE4 /* Build configuration list for PBXNativeTarget "FoodDeliveryApp" */ = {
			isa = XCConfigurationList;
			buildConfigurations = (
				7170467B2647A8C700656CE4 /* Debug */,
				7170467C2647A8C700656CE4 /* Release */,
			);
			defaultConfigurationIsVisible = 0;
			defaultConfigurationName = Release;
		};
/* End XCConfigurationList section */
	};
	rootObject = 7170465E2647A8C600656CE4 /* Project object */;
}
